
Microsoft Visual Studio Solution File, Format Version 12.00
# Visual Studio Version 17
VisualStudioVersion = 17.14.36121.58 d17.14
MinimumVisualStudioVersion = 10.0.40219.1
Project("{FAE04EC0-301F-11D3-BF4B-00C04F79EFBC}") = "WinFormsClient", "WinFormsClient.csproj", "{B18A8DF2-A864-497A-B4AD-84D0EB7F546E}"
EndProject
Global
	GlobalSection(SolutionConfigurationPlatforms) = preSolution
		Debug|Any CPU = Debug|Any CPU
		Release|Any CPU = Release|Any CPU
	EndGlobalSection
	GlobalSection(ProjectConfigurationPlatforms) = postSolution
		{B18A8DF2-A864-497A-B4AD-84D0EB7F546E}.Debug|Any CPU.ActiveCfg = Debug|Any CPU
		{B18A8DF2-A864-497A-B4AD-84D0EB7F546E}.Debug|Any CPU.Build.0 = Debug|Any CPU
		{B18A8DF2-A864-497A-B4AD-84D0EB7F546E}.Release|Any CPU.ActiveCfg = Release|Any CPU
		{B18A8DF2-A864-497A-B4AD-84D0EB7F546E}.Release|Any CPU.Build.0 = Release|Any CPU
	EndGlobalSection
	GlobalSection(SolutionProperties) = preSolution
		HideSolutionNode = FALSE
	EndGlobalSection
	GlobalSection(ExtensibilityGlobals) = postSolution
		SolutionGuid = {45B95262-64DD-4517-BE5B-25829D321E70}
	EndGlobalSection
EndGlobal
